
Microsoft Visual Studio Solution File, Format Version 12.00
# Visual Studio Version 16
VisualStudioVersion = 16.0.29025.244
MinimumVisualStudioVersion = 10.0.40219.1
Project("{FAE04EC0-301F-11D3-BF4B-00C04F79EFBC}") = "OgrenciYap", "OgrenciYap\OgrenciYap.csproj", "{30768068-2FFB-4552-97A2-53D24FCAAC25}"
EndProject
Global
	GlobalSection(SolutionConfigurationPlatforms) = preSolution
		Debug|Any CPU = Debug|Any CPU
		Release|Any CPU = Release|Any CPU
	EndGlobalSection
	GlobalSection(ProjectConfigurationPlatforms) = postSolution
		{30768068-2FFB-4552-97A2-53D24FCAAC25}.Debug|Any CPU.ActiveCfg = Debug|Any CPU
		{30768068-2FFB-4552-97A2-53D24FCAAC25}.Debug|Any CPU.Build.0 = Debug|Any CPU
		{30768068-2FFB-4552-97A2-53D24FCAAC25}.Release|Any CPU.ActiveCfg = Release|Any CPU
		{30768068-2FFB-4552-97A2-53D24FCAAC25}.Release|Any CPU.Build.0 = Release|Any CPU
	EndGlobalSection
	GlobalSection(SolutionProperties) = preSolution
		HideSolutionNode = FALSE
	EndGlobalSection
	GlobalSection(ExtensibilityGlobals) = postSolution
		SolutionGuid = {C50DB2BA-63AD-44A0-8FB1-52679CE52F23}
	EndGlobalSection
EndGlobal
