
Microsoft Visual Studio Solution File, Format Version 12.00
# Visual Studio Version 16
VisualStudioVersion = 16.0.29025.244
MinimumVisualStudioVersion = 10.0.40219.1
Project("{FAE04EC0-301F-11D3-BF4B-00C04F79EFBC}") = "Turnike", "Turnike\Turnike.csproj", "{1473E810-DF44-43ED-9B32-C2A891123FD0}"
EndProject
Global
	GlobalSection(SolutionConfigurationPlatforms) = preSolution
		Debug|Any CPU = Debug|Any CPU
		Release|Any CPU = Release|Any CPU
	EndGlobalSection
	GlobalSection(ProjectConfigurationPlatforms) = postSolution
		{1473E810-DF44-43ED-9B32-C2A891123FD0}.Debug|Any CPU.ActiveCfg = Debug|Any CPU
		{1473E810-DF44-43ED-9B32-C2A891123FD0}.Debug|Any CPU.Build.0 = Debug|Any CPU
		{1473E810-DF44-43ED-9B32-C2A891123FD0}.Release|Any CPU.ActiveCfg = Release|Any CPU
		{1473E810-DF44-43ED-9B32-C2A891123FD0}.Release|Any CPU.Build.0 = Release|Any CPU
	EndGlobalSection
	GlobalSection(SolutionProperties) = preSolution
		HideSolutionNode = FALSE
	EndGlobalSection
	GlobalSection(ExtensibilityGlobals) = postSolution
		SolutionGuid = {8EBA28C7-094D-419C-ACEA-BBDE76A1A63B}
	EndGlobalSection
EndGlobal
