
Microsoft Visual Studio Solution File, Format Version 12.00
# Visual Studio Version 16
VisualStudioVersion = 16.0.29025.244
MinimumVisualStudioVersion = 10.0.40219.1
Project("{FAE04EC0-301F-11D3-BF4B-00C04F79EFBC}") = "LogViewerTurnike", "LogViewerTurnike\LogViewerTurnike.csproj", "{BBF69B99-AE13-4432-9BD7-FA3349E3DF82}"
EndProject
Global
	GlobalSection(SolutionConfigurationPlatforms) = preSolution
		Debug|Any CPU = Debug|Any CPU
		Release|Any CPU = Release|Any CPU
	EndGlobalSection
	GlobalSection(ProjectConfigurationPlatforms) = postSolution
		{BBF69B99-AE13-4432-9BD7-FA3349E3DF82}.Debug|Any CPU.ActiveCfg = Debug|Any CPU
		{BBF69B99-AE13-4432-9BD7-FA3349E3DF82}.Debug|Any CPU.Build.0 = Debug|Any CPU
		{BBF69B99-AE13-4432-9BD7-FA3349E3DF82}.Release|Any CPU.ActiveCfg = Release|Any CPU
		{BBF69B99-AE13-4432-9BD7-FA3349E3DF82}.Release|Any CPU.Build.0 = Release|Any CPU
	EndGlobalSection
	GlobalSection(SolutionProperties) = preSolution
		HideSolutionNode = FALSE
	EndGlobalSection
	GlobalSection(ExtensibilityGlobals) = postSolution
		SolutionGuid = {873B43B6-5251-49E6-A233-A71B93AE6A4E}
	EndGlobalSection
EndGlobal
